
Microsoft Visual Studio Solution File, Format Version 12.00
# Visual Studio Version 17
VisualStudioVersion = 17.2.32505.173
MinimumVisualStudioVersion = 10.0.40219.1
Project("{9A19103F-16F7-4668-BE54-9A1E7A4F7556}") = "hannahM", "hannahM\hannahM.csproj", "{594A6B03-0C6E-4947-8E80-0495B7451525}"
EndProject
Project("{2150E333-8FDC-42A3-9474-1A3956D46DE8}") = "Solution Items", "Solution Items", "{590D03B3-C033-434C-9E1B-53E4D1ECD739}"
	ProjectSection(SolutionItems) = preProject
		.editorconfig = .editorconfig
	EndProjectSection
EndProject
Global
	GlobalSection(SolutionConfigurationPlatforms) = preSolution
		Debug|Any CPU = Debug|Any CPU
		Release|Any CPU = Release|Any CPU
	EndGlobalSection
	GlobalSection(ProjectConfigurationPlatforms) = postSolution
		{594A6B03-0C6E-4947-8E80-0495B7451525}.Debug|Any CPU.ActiveCfg = Debug|Any CPU
		{594A6B03-0C6E-4947-8E80-0495B7451525}.Debug|Any CPU.Build.0 = Debug|Any CPU
		{594A6B03-0C6E-4947-8E80-0495B7451525}.Release|Any CPU.ActiveCfg = Release|Any CPU
		{594A6B03-0C6E-4947-8E80-0495B7451525}.Release|Any CPU.Build.0 = Release|Any CPU
	EndGlobalSection
	GlobalSection(SolutionProperties) = preSolution
		HideSolutionNode = FALSE
	EndGlobalSection
	GlobalSection(ExtensibilityGlobals) = postSolution
		SolutionGuid = {7DE38712-16B1-4674-847A-28EE7BEF9021}
	EndGlobalSection
EndGlobal
